// !$*UTF8*$!
{
	archiveVersion = 1;
	classes = {
	};
	objectVersion = 56;
	objects = {

/* Begin PBXBuildFile section */
		0F2ACC1F29F1BA8000342D69 /* AppDelegate.swift in Sources */ = {isa = PBXBuildFile; fileRef = 0F2ACC1E29F1BA8000342D69 /* AppDelegate.swift */; };
		0F2ACC2329F1BA8000342D69 /* HomeViewController.swift in Sources */ = {isa = PBXBuildFile; fileRef = 0F2ACC2229F1BA8000342D69 /* HomeViewController.swift */; };
		0F2ACC2829F1BA8100342D69 /* Assets.xcassets in Resources */ = {isa = PBXBuildFile; fileRef = 0F2ACC2729F1BA8100342D69 /* Assets.xcassets */; };
		0F2ACC2B29F1BA8100342D69 /* LaunchScreen.storyboard in Resources */ = {isa = PBXBuildFile; fileRef = 0F2ACC2929F1BA8100342D69 /* LaunchScreen.storyboard */; };
		0F2ACC3329F1BF2500342D69 /* String+Ex.swift in Sources */ = {isa = PBXBuildFile; fileRef = 0F2ACC3229F1BF2500342D69 /* String+Ex.swift */; };
		0F2ACC3929F1BF9400342D69 /* Localizable.strings in Resources */ = {isa = PBXBuildFile; fileRef = 0F2ACC3B29F1BF9400342D69 /* Localizable.strings */; };
		0F2ACC3E29F1C7C600342D69 /* SelectVerbsViewController.swift in Sources */ = {isa = PBXBuildFile; fileRef = 0F2ACC3D29F1C7C600342D69 /* SelectVerbsViewController.swift */; };
		0F2ACC4029F1C84E00342D69 /* TrainViewController.swift in Sources */ = {isa = PBXBuildFile; fileRef = 0F2ACC3F29F1C84E00342D69 /* TrainViewController.swift */; };
		0F2ACC4529F27A0F00342D69 /* SnapKit in Frameworks */ = {isa = PBXBuildFile; productRef = 0F2ACC4429F27A0F00342D69 /* SnapKit */; };
		0F2ACC4729F27BED00342D69 /* SelectVerbTableViewCell.swift in Sources */ = {isa = PBXBuildFile; fileRef = 0F2ACC4629F27BED00342D69 /* SelectVerbTableViewCell.swift */; };
		0F2ACC4929F2865400342D69 /* UIView+Ex.swift in Sources */ = {isa = PBXBuildFile; fileRef = 0F2ACC4829F2865400342D69 /* UIView+Ex.swift */; };
		0F2ACC4B29F2872D00342D69 /* UIStackView+Ex.swift in Sources */ = {isa = PBXBuildFile; fileRef = 0F2ACC4A29F2872D00342D69 /* UIStackView+Ex.swift */; };
		0F2ACC5529F2CEAD00342D69 /* Verb.swift in Sources */ = {isa = PBXBuildFile; fileRef = 0F2ACC5329F2CEAD00342D69 /* Verb.swift */; };
		0F2ACC5629F2CEAD00342D69 /* IrregularVerbs.swift in Sources */ = {isa = PBXBuildFile; fileRef = 0F2ACC5429F2CEAD00342D69 /* IrregularVerbs.swift */; };
/* End PBXBuildFile section */

/* Begin PBXFileReference section */
		0F2ACC1B29F1BA8000342D69 /* IrregularVerbs.app */ = {isa = PBXFileReference; explicitFileType = wrapper.application; includeInIndex = 0; path = IrregularVerbs.app; sourceTree = BUILT_PRODUCTS_DIR; };
		0F2ACC1E29F1BA8000342D69 /* AppDelegate.swift */ = {isa = PBXFileReference; lastKnownFileType = sourcecode.swift; path = AppDelegate.swift; sourceTree = "<group>"; };
		0F2ACC2229F1BA8000342D69 /* HomeViewController.swift */ = {isa = PBXFileReference; lastKnownFileType = sourcecode.swift; path = HomeViewController.swift; sourceTree = "<group>"; };
		0F2ACC2729F1BA8100342D69 /* Assets.xcassets */ = {isa = PBXFileReference; lastKnownFileType = folder.assetcatalog; path = Assets.xcassets; sourceTree = "<group>"; };
		0F2ACC2A29F1BA8100342D69 /* Base */ = {isa = PBXFileReference; lastKnownFileType = file.storyboard; name = Base; path = Base.lproj/LaunchScreen.storyboard; sourceTree = "<group>"; };
		0F2ACC2C29F1BA8100342D69 /* Info.plist */ = {isa = PBXFileReference; lastKnownFileType = text.plist.xml; path = Info.plist; sourceTree = "<group>"; };
		0F2ACC3229F1BF2500342D69 /* String+Ex.swift */ = {isa = PBXFileReference; lastKnownFileType = sourcecode.swift; path = "String+Ex.swift"; sourceTree = "<group>"; };
		0F2ACC3A29F1BF9400342D69 /* en */ = {isa = PBXFileReference; lastKnownFileType = text.plist.strings; name = en; path = en.lproj/Localizable.strings; sourceTree = "<group>"; };
		0F2ACC3C29F1BFA400342D69 /* ru */ = {isa = PBXFileReference; lastKnownFileType = text.plist.strings; name = ru; path = ru.lproj/Localizable.strings; sourceTree = "<group>"; };
		0F2ACC3D29F1C7C600342D69 /* SelectVerbsViewController.swift */ = {isa = PBXFileReference; lastKnownFileType = sourcecode.swift; path = SelectVerbsViewController.swift; sourceTree = "<group>"; };
		0F2ACC3F29F1C84E00342D69 /* TrainViewController.swift */ = {isa = PBXFileReference; lastKnownFileType = sourcecode.swift; path = TrainViewController.swift; sourceTree = "<group>"; };
		0F2ACC4629F27BED00342D69 /* SelectVerbTableViewCell.swift */ = {isa = PBXFileReference; lastKnownFileType = sourcecode.swift; path = SelectVerbTableViewCell.swift; sourceTree = "<group>"; };
		0F2ACC4829F2865400342D69 /* UIView+Ex.swift */ = {isa = PBXFileReference; lastKnownFileType = sourcecode.swift; path = "UIView+Ex.swift"; sourceTree = "<group>"; };
		0F2ACC4A29F2872D00342D69 /* UIStackView+Ex.swift */ = {isa = PBXFileReference; lastKnownFileType = sourcecode.swift; path = "UIStackView+Ex.swift"; sourceTree = "<group>"; };
		0F2ACC5329F2CEAD00342D69 /* Verb.swift */ = {isa = PBXFileReference; fileEncoding = 4; lastKnownFileType = sourcecode.swift; path = Verb.swift; sourceTree = "<group>"; };
		0F2ACC5429F2CEAD00342D69 /* IrregularVerbs.swift */ = {isa = PBXFileReference; fileEncoding = 4; lastKnownFileType = sourcecode.swift; path = IrregularVerbs.swift; sourceTree = "<group>"; };
/* End PBXFileReference section */

/* Begin PBXFrameworksBuildPhase section */
		0F2ACC1829F1BA8000342D69 /* Frameworks */ = {
			isa = PBXFrameworksBuildPhase;
			buildActionMask = 2147483647;
			files = (
				0F2ACC4529F27A0F00342D69 /* SnapKit in Frameworks */,
			);
			runOnlyForDeploymentPostprocessing = 0;
		};
/* End PBXFrameworksBuildPhase section */

/* Begin PBXGroup section */
		0F2ACC1229F1BA8000342D69 = {
			isa = PBXGroup;
			children = (
				0F2ACC1D29F1BA8000342D69 /* IrregularVerbs */,
				0F2ACC1C29F1BA8000342D69 /* Products */,
			);
			sourceTree = "<group>";
		};
		0F2ACC1C29F1BA8000342D69 /* Products */ = {
			isa = PBXGroup;
			children = (
				0F2ACC1B29F1BA8000342D69 /* IrregularVerbs.app */,
			);
			name = Products;
			sourceTree = "<group>";
		};
		0F2ACC1D29F1BA8000342D69 /* IrregularVerbs */ = {
			isa = PBXGroup;
			children = (
				0F2ACC1E29F1BA8000342D69 /* AppDelegate.swift */,
				0F2ACC3629F1BF4600342D69 /* Home */,
				0F2ACC4129F1C86600342D69 /* Select */,
				0F2ACC4229F1C87800342D69 /* Train */,
				0F2ACC3429F1BF2A00342D69 /* Extensions */,
				0F2ACC2729F1BA8100342D69 /* Assets.xcassets */,
				0F2ACC3B29F1BF9400342D69 /* Localizable.strings */,
				0F2ACC2929F1BA8100342D69 /* LaunchScreen.storyboard */,
				0F2ACC2C29F1BA8100342D69 /* Info.plist */,
			);
			path = IrregularVerbs;
			sourceTree = "<group>";
		};
		0F2ACC3429F1BF2A00342D69 /* Extensions */ = {
			isa = PBXGroup;
			children = (
				0F2ACC3229F1BF2500342D69 /* String+Ex.swift */,
				0F2ACC4829F2865400342D69 /* UIView+Ex.swift */,
				0F2ACC4A29F2872D00342D69 /* UIStackView+Ex.swift */,
			);
			path = Extensions;
			sourceTree = "<group>";
		};
		0F2ACC3529F1BF3600342D69 /* Controller */ = {
			isa = PBXGroup;
			children = (
				0F2ACC2229F1BA8000342D69 /* HomeViewController.swift */,
			);
			path = Controller;
			sourceTree = "<group>";
		};
		0F2ACC3629F1BF4600342D69 /* Home */ = {
			isa = PBXGroup;
			children = (
				0F2ACC3529F1BF3600342D69 /* Controller */,
			);
			path = Home;
			sourceTree = "<group>";
		};
		0F2ACC4129F1C86600342D69 /* Select */ = {
			isa = PBXGroup;
			children = (
				0F2ACC5229F2CE6600342D69 /* Model */,
				0F2ACC4D29F28A0900342D69 /* Controller */,
				0F2ACC4C29F289F300342D69 /* View */,
			);
			path = Select;
			sourceTree = "<group>";
		};
		0F2ACC4229F1C87800342D69 /* Train */ = {
			isa = PBXGroup;
			children = (
				0F2ACC3F29F1C84E00342D69 /* TrainViewController.swift */,
			);
			path = Train;
			sourceTree = "<group>";
		};
		0F2ACC4C29F289F300342D69 /* View */ = {
			isa = PBXGroup;
			children = (
				0F2ACC4629F27BED00342D69 /* SelectVerbTableViewCell.swift */,
			);
			path = View;
			sourceTree = "<group>";
		};
		0F2ACC4D29F28A0900342D69 /* Controller */ = {
			isa = PBXGroup;
			children = (
				0F2ACC3D29F1C7C600342D69 /* SelectVerbsViewController.swift */,
			);
			path = Controller;
			sourceTree = "<group>";
		};
		0F2ACC5229F2CE6600342D69 /* Model */ = {
			isa = PBXGroup;
			children = (
				0F2ACC5429F2CEAD00342D69 /* IrregularVerbs.swift */,
				0F2ACC5329F2CEAD00342D69 /* Verb.swift */,
			);
			path = Model;
			sourceTree = "<group>";
		};
/* End PBXGroup section */

/* Begin PBXNativeTarget section */
		0F2ACC1A29F1BA8000342D69 /* IrregularVerbs */ = {
			isa = PBXNativeTarget;
			buildConfigurationList = 0F2ACC2F29F1BA8100342D69 /* Build configuration list for PBXNativeTarget "IrregularVerbs" */;
			buildPhases = (
				0F2ACC1729F1BA8000342D69 /* Sources */,
				0F2ACC1829F1BA8000342D69 /* Frameworks */,
				0F2ACC1929F1BA8000342D69 /* Resources */,
			);
			buildRules = (
			);
			dependencies = (
			);
			name = IrregularVerbs;
			packageProductDependencies = (
				0F2ACC4429F27A0F00342D69 /* SnapKit */,
			);
			productName = IrregularVerbs;
			productReference = 0F2ACC1B29F1BA8000342D69 /* IrregularVerbs.app */;
			productType = "com.apple.product-type.application";
		};
/* End PBXNativeTarget section */

/* Begin PBXProject section */
		0F2ACC1329F1BA8000342D69 /* Project object */ = {
			isa = PBXProject;
			attributes = {
				BuildIndependentTargetsInParallel = 1;
				LastSwiftUpdateCheck = 1420;
				LastUpgradeCheck = 1420;
				TargetAttributes = {
					0F2ACC1A29F1BA8000342D69 = {
						CreatedOnToolsVersion = 14.2;
					};
				};
			};
			buildConfigurationList = 0F2ACC1629F1BA8000342D69 /* Build configuration list for PBXProject "IrregularVerbs" */;
			compatibilityVersion = "Xcode 14.0";
			developmentRegion = en;
			hasScannedForEncodings = 0;
			knownRegions = (
				en,
				Base,
				ru,
			);
			mainGroup = 0F2ACC1229F1BA8000342D69;
			packageReferences = (
				0F2ACC4329F27A0F00342D69 /* XCRemoteSwiftPackageReference "SnapKit" */,
			);
			productRefGroup = 0F2ACC1C29F1BA8000342D69 /* Products */;
			projectDirPath = "";
			projectRoot = "";
			targets = (
				0F2ACC1A29F1BA8000342D69 /* IrregularVerbs */,
			);
		};
/* End PBXProject section */

/* Begin PBXResourcesBuildPhase section */
		0F2ACC1929F1BA8000342D69 /* Resources */ = {
			isa = PBXResourcesBuildPhase;
			buildActionMask = 2147483647;
			files = (
				0F2ACC2B29F1BA8100342D69 /* LaunchScreen.storyboard in Resources */,
				0F2ACC3929F1BF9400342D69 /* Localizable.strings in Resources */,
				0F2ACC2829F1BA8100342D69 /* Assets.xcassets in Resources */,
			);
			runOnlyForDeploymentPostprocessing = 0;
		};
/* End PBXResourcesBuildPhase section */

/* Begin PBXSourcesBuildPhase section */
		0F2ACC1729F1BA8000342D69 /* Sources */ = {
			isa = PBXSourcesBuildPhase;
			buildActionMask = 2147483647;
			files = (
				0F2ACC4729F27BED00342D69 /* SelectVerbTableViewCell.swift in Sources */,
				0F2ACC3329F1BF2500342D69 /* String+Ex.swift in Sources */,
				0F2ACC5629F2CEAD00342D69 /* IrregularVerbs.swift in Sources */,
				0F2ACC2329F1BA8000342D69 /* HomeViewController.swift in Sources */,
				0F2ACC4029F1C84E00342D69 /* TrainViewController.swift in Sources */,
				0F2ACC1F29F1BA8000342D69 /* AppDelegate.swift in Sources */,
				0F2ACC3E29F1C7C600342D69 /* SelectVerbsViewController.swift in Sources */,
				0F2ACC4B29F2872D00342D69 /* UIStackView+Ex.swift in Sources */,
				0F2ACC4929F2865400342D69 /* UIView+Ex.swift in Sources */,
				0F2ACC5529F2CEAD00342D69 /* Verb.swift in Sources */,
			);
			runOnlyForDeploymentPostprocessing = 0;
		};
/* End PBXSourcesBuildPhase section */

/* Begin PBXVariantGroup section */
		0F2ACC2929F1BA8100342D69 /* LaunchScreen.storyboard */ = {
			isa = PBXVariantGroup;
			children = (
				0F2ACC2A29F1BA8100342D69 /* Base */,
			);
			name = LaunchScreen.storyboard;
			sourceTree = "<group>";
		};
		0F2ACC3B29F1BF9400342D69 /* Localizable.strings */ = {
			isa = PBXVariantGroup;
			children = (
				0F2ACC3A29F1BF9400342D69 /* en */,
				0F2ACC3C29F1BFA400342D69 /* ru */,
			);
			name = Localizable.strings;
			sourceTree = "<group>";
		};
/* End PBXVariantGroup section */

/* Begin XCBuildConfiguration section */
		0F2ACC2D29F1BA8100342D69 /* Debug */ = {
			isa = XCBuildConfiguration;
			buildSettings = {
				ALWAYS_SEARCH_USER_PATHS = NO;
				CLANG_ANALYZER_LOCALIZABILITY_NONLOCALIZED = YES;
				CLANG_ANALYZER_NONNULL = YES;
				CLANG_ANALYZER_NUMBER_OBJECT_CONVERSION = YES_AGGRESSIVE;
				CLANG_CXX_LANGUAGE_STANDARD = "gnu++20";
				CLANG_ENABLE_MODULES = YES;
				CLANG_ENABLE_OBJC_ARC = YES;
				CLANG_ENABLE_OBJC_WEAK = YES;
				CLANG_WARN_BLOCK_CAPTURE_AUTORELEASING = YES;
				CLANG_WARN_BOOL_CONVERSION = YES;
				CLANG_WARN_COMMA = YES;
				CLANG_WARN_CONSTANT_CONVERSION = YES;
				CLANG_WARN_DEPRECATED_OBJC_IMPLEMENTATIONS = YES;
				CLANG_WARN_DIRECT_OBJC_ISA_USAGE = YES_ERROR;
				CLANG_WARN_DOCUMENTATION_COMMENTS = YES;
				CLANG_WARN_EMPTY_BODY = YES;
				CLANG_WARN_ENUM_CONVERSION = YES;
				CLANG_WARN_INFINITE_RECURSION = YES;
				CLANG_WARN_INT_CONVERSION = YES;
				CLANG_WARN_NON_LITERAL_NULL_CONVERSION = YES;
				CLANG_WARN_OBJC_IMPLICIT_RETAIN_SELF = YES;
				CLANG_WARN_OBJC_LITERAL_CONVERSION = YES;
				CLANG_WARN_OBJC_ROOT_CLASS = YES_ERROR;
				CLANG_WARN_QUOTED_INCLUDE_IN_FRAMEWORK_HEADER = YES;
				CLANG_WARN_RANGE_LOOP_ANALYSIS = YES;
				CLANG_WARN_STRICT_PROTOTYPES = YES;
				CLANG_WARN_SUSPICIOUS_MOVE = YES;
				CLANG_WARN_UNGUARDED_AVAILABILITY = YES_AGGRESSIVE;
				CLANG_WARN_UNREACHABLE_CODE = YES;
				CLANG_WARN__DUPLICATE_METHOD_MATCH = YES;
				COPY_PHASE_STRIP = NO;
				DEBUG_INFORMATION_FORMAT = dwarf;
				ENABLE_STRICT_OBJC_MSGSEND = YES;
				ENABLE_TESTABILITY = YES;
				GCC_C_LANGUAGE_STANDARD = gnu11;
				GCC_DYNAMIC_NO_PIC = NO;
				GCC_NO_COMMON_BLOCKS = YES;
				GCC_OPTIMIZATION_LEVEL = 0;
				GCC_PREPROCESSOR_DEFINITIONS = (
					"DEBUG=1",
					"$(inherited)",
				);
				GCC_WARN_64_TO_32_BIT_CONVERSION = YES;
				GCC_WARN_ABOUT_RETURN_TYPE = YES_ERROR;
				GCC_WARN_UNDECLARED_SELECTOR = YES;
				GCC_WARN_UNINITIALIZED_AUTOS = YES_AGGRESSIVE;
				GCC_WARN_UNUSED_FUNCTION = YES;
				GCC_WARN_UNUSED_VARIABLE = YES;
				IPHONEOS_DEPLOYMENT_TARGET = 14.0;
				MTL_ENABLE_DEBUG_INFO = INCLUDE_SOURCE;
				MTL_FAST_MATH = YES;
				ONLY_ACTIVE_ARCH = YES;
				SDKROOT = iphoneos;
				SWIFT_ACTIVE_COMPILATION_CONDITIONS = DEBUG;
				SWIFT_OPTIMIZATION_LEVEL = "-Onone";
			};
			name = Debug;
		};
		0F2ACC2E29F1BA8100342D69 /* Release */ = {
			isa = XCBuildConfiguration;
			buildSettings = {
				ALWAYS_SEARCH_USER_PATHS = NO;
				CLANG_ANALYZER_LOCALIZABILITY_NONLOCALIZED = YES;
				CLANG_ANALYZER_NONNULL = YES;
				CLANG_ANALYZER_NUMBER_OBJECT_CONVERSION = YES_AGGRESSIVE;
				CLANG_CXX_LANGUAGE_STANDARD = "gnu++20";
				CLANG_ENABLE_MODULES = YES;
				CLANG_ENABLE_OBJC_ARC = YES;
				CLANG_ENABLE_OBJC_WEAK = YES;
				CLANG_WARN_BLOCK_CAPTURE_AUTORELEASING = YES;
				CLANG_WARN_BOOL_CONVERSION = YES;
				CLANG_WARN_COMMA = YES;
				CLANG_WARN_CONSTANT_CONVERSION = YES;
				CLANG_WARN_DEPRECATED_OBJC_IMPLEMENTATIONS = YES;
				CLANG_WARN_DIRECT_OBJC_ISA_USAGE = YES_ERROR;
				CLANG_WARN_DOCUMENTATION_COMMENTS = YES;
				CLANG_WARN_EMPTY_BODY = YES;
				CLANG_WARN_ENUM_CONVERSION = YES;
				CLANG_WARN_INFINITE_RECURSION = YES;
				CLANG_WARN_INT_CONVERSION = YES;
				CLANG_WARN_NON_LITERAL_NULL_CONVERSION = YES;
				CLANG_WARN_OBJC_IMPLICIT_RETAIN_SELF = YES;
				CLANG_WARN_OBJC_LITERAL_CONVERSION = YES;
				CLANG_WARN_OBJC_ROOT_CLASS = YES_ERROR;
				CLANG_WARN_QUOTED_INCLUDE_IN_FRAMEWORK_HEADER = YES;
				CLANG_WARN_RANGE_LOOP_ANALYSIS = YES;
				CLANG_WARN_STRICT_PROTOTYPES = YES;
				CLANG_WARN_SUSPICIOUS_MOVE = YES;
				CLANG_WARN_UNGUARDED_AVAILABILITY = YES_AGGRESSIVE;
				CLANG_WARN_UNREACHABLE_CODE = YES;
				CLANG_WARN__DUPLICATE_METHOD_MATCH = YES;
				COPY_PHASE_STRIP = NO;
				DEBUG_INFORMATION_FORMAT = "dwarf-with-dsym";
				ENABLE_NS_ASSERTIONS = NO;
				ENABLE_STRICT_OBJC_MSGSEND = YES;
				GCC_C_LANGUAGE_STANDARD = gnu11;
				GCC_NO_COMMON_BLOCKS = YES;
				GCC_WARN_64_TO_32_BIT_CONVERSION = YES;
				GCC_WARN_ABOUT_RETURN_TYPE = YES_ERROR;
				GCC_WARN_UNDECLARED_SELECTOR = YES;
				GCC_WARN_UNINITIALIZED_AUTOS = YES_AGGRESSIVE;
				GCC_WARN_UNUSED_FUNCTION = YES;
				GCC_WARN_UNUSED_VARIABLE = YES;
				IPHONEOS_DEPLOYMENT_TARGET = 14.0;
				MTL_ENABLE_DEBUG_INFO = NO;
				MTL_FAST_MATH = YES;
				SDKROOT = iphoneos;
				SWIFT_COMPILATION_MODE = wholemodule;
				SWIFT_OPTIMIZATION_LEVEL = "-O";
				VALIDATE_PRODUCT = YES;
			};
			name = Release;
		};
		0F2ACC3029F1BA8100342D69 /* Debug */ = {
			isa = XCBuildConfiguration;
			buildSettings = {
				ASSETCATALOG_COMPILER_APPICON_NAME = AppIcon;
				ASSETCATALOG_COMPILER_GLOBAL_ACCENT_COLOR_NAME = AccentColor;
				CODE_SIGN_STYLE = Automatic;
				CURRENT_PROJECT_VERSION = 1;
				DEVELOPMENT_TEAM = VM45F3P6CK;
				GENERATE_INFOPLIST_FILE = YES;
				INFOPLIST_FILE = IrregularVerbs/Info.plist;
				INFOPLIST_KEY_UIApplicationSupportsIndirectInputEvents = YES;
				INFOPLIST_KEY_UILaunchStoryboardName = LaunchScreen;
				INFOPLIST_KEY_UIMainStoryboardFile = "";
				INFOPLIST_KEY_UISupportedInterfaceOrientations_iPad = "UIInterfaceOrientationPortrait UIInterfaceOrientationPortraitUpsideDown UIInterfaceOrientationLandscapeLeft UIInterfaceOrientationLandscapeRight";
				INFOPLIST_KEY_UISupportedInterfaceOrientations_iPhone = "UIInterfaceOrientationPortrait UIInterfaceOrientationLandscapeLeft UIInterfaceOrientationLandscapeRight";
				IPHONEOS_DEPLOYMENT_TARGET = 14.0;
				LD_RUNPATH_SEARCH_PATHS = (
					"$(inherited)",
					"@executable_path/Frameworks",
				);
				MARKETING_VERSION = 1.0;
				PRODUCT_BUNDLE_IDENTIFIER = "my.personal-company.com.IrregularVerbs";
				PRODUCT_NAME = "$(TARGET_NAME)";
				SWIFT_EMIT_LOC_STRINGS = YES;
				SWIFT_VERSION = 5.0;
				TARGETED_DEVICE_FAMILY = "1,2";
			};
			name = Debug;
		};
		0F2ACC3129F1BA8100342D69 /* Release */ = {
			isa = XCBuildConfiguration;
			buildSettings = {
				ASSETCATALOG_COMPILER_APPICON_NAME = AppIcon;
				ASSETCATALOG_COMPILER_GLOBAL_ACCENT_COLOR_NAME = AccentColor;
				CODE_SIGN_STYLE = Automatic;
				CURRENT_PROJECT_VERSION = 1;
				DEVELOPMENT_TEAM = VM45F3P6CK;
				GENERATE_INFOPLIST_FILE = YES;
				INFOPLIST_FILE = IrregularVerbs/Info.plist;
				INFOPLIST_KEY_UIApplicationSupportsIndirectInputEvents = YES;
				INFOPLIST_KEY_UILaunchStoryboardName = LaunchScreen;
				INFOPLIST_KEY_UIMainStoryboardFile = "";
				INFOPLIST_KEY_UISupportedInterfaceOrientations_iPad = "UIInterfaceOrientationPortrait UIInterfaceOrientationPortraitUpsideDown UIInterfaceOrientationLandscapeLeft UIInterfaceOrientationLandscapeRight";
				INFOPLIST_KEY_UISupportedInterfaceOrientations_iPhone = "UIInterfaceOrientationPortrait UIInterfaceOrientationLandscapeLeft UIInterfaceOrientationLandscapeRight";
				IPHONEOS_DEPLOYMENT_TARGET = 14.0;
				LD_RUNPATH_SEARCH_PATHS = (
					"$(inherited)",
					"@executable_path/Frameworks",
				);
				MARKETING_VERSION = 1.0;
				PRODUCT_BUNDLE_IDENTIFIER = "my.personal-company.com.IrregularVerbs";
				PRODUCT_NAME = "$(TARGET_NAME)";
				SWIFT_EMIT_LOC_STRINGS = YES;
				SWIFT_VERSION = 5.0;
				TARGETED_DEVICE_FAMILY = "1,2";
			};
			name = Release;
		};
/* End XCBuildConfiguration section */

/* Begin XCConfigurationList section */
		0F2ACC1629F1BA8000342D69 /* Build configuration list for PBXProject "IrregularVerbs" */ = {
			isa = XCConfigurationList;
			buildConfigurations = (
				0F2ACC2D29F1BA8100342D69 /* Debug */,
				0F2ACC2E29F1BA8100342D69 /* Release */,
			);
			defaultConfigurationIsVisible = 0;
			defaultConfigurationName = Release;
		};
		0F2ACC2F29F1BA8100342D69 /* Build configuration list for PBXNativeTarget "IrregularVerbs" */ = {
			isa = XCConfigurationList;
			buildConfigurations = (
				0F2ACC3029F1BA8100342D69 /* Debug */,
				0F2ACC3129F1BA8100342D69 /* Release */,
			);
			defaultConfigurationIsVisible = 0;
			defaultConfigurationName = Release;
		};
/* End XCConfigurationList section */

/* Begin XCRemoteSwiftPackageReference section */
		0F2ACC4329F27A0F00342D69 /* XCRemoteSwiftPackageReference "SnapKit" */ = {
			isa = XCRemoteSwiftPackageReference;
			repositoryURL = "https://github.com/SnapKit/SnapKit";
			requirement = {
				kind = upToNextMajorVersion;
				minimumVersion = 5.0.0;
			};
		};
/* End XCRemoteSwiftPackageReference section */

/* Begin XCSwiftPackageProductDependency section */
		0F2ACC4429F27A0F00342D69 /* SnapKit */ = {
			isa = XCSwiftPackageProductDependency;
			package = 0F2ACC4329F27A0F00342D69 /* XCRemoteSwiftPackageReference "SnapKit" */;
			productName = SnapKit;
		};
/* End XCSwiftPackageProductDependency section */
	};
	rootObject = 0F2ACC1329F1BA8000342D69 /* Project object */;
}
